
Microsoft Visual Studio Solution File, Format Version 12.00
# Visual Studio Version 16
VisualStudioVersion = 16.0.31424.327
MinimumVisualStudioVersion = 10.0.40219.1
Project("{FAE04EC0-301F-11D3-BF4B-00C04F79EFBC}") = "Perplexity", "Perplexity\Perplexity.csproj", "{97B20218-A83D-480D-90DD-52A2B0C7127E}"
EndProject
Global
	GlobalSection(SolutionConfigurationPlatforms) = preSolution
		Debug|Any CPU = Debug|Any CPU
		Release|Any CPU = Release|Any CPU
	EndGlobalSection
	GlobalSection(ProjectConfigurationPlatforms) = postSolution
		{97B20218-A83D-480D-90DD-52A2B0C7127E}.Debug|Any CPU.ActiveCfg = Debug|Any CPU
		{97B20218-A83D-480D-90DD-52A2B0C7127E}.Debug|Any CPU.Build.0 = Debug|Any CPU
		{97B20218-A83D-480D-90DD-52A2B0C7127E}.Release|Any CPU.ActiveCfg = Release|Any CPU
		{97B20218-A83D-480D-90DD-52A2B0C7127E}.Release|Any CPU.Build.0 = Release|Any CPU
	EndGlobalSection
	GlobalSection(SolutionProperties) = preSolution
		HideSolutionNode = FALSE
	EndGlobalSection
	GlobalSection(ExtensibilityGlobals) = postSolution
		SolutionGuid = {C3A0E4DD-8424-4993-A652-6F07EC548531}
	EndGlobalSection
EndGlobal
